// !$*UTF8*$!
{
	archiveVersion = 1;
	classes = {
	};
	objectVersion = 50;
	objects = {

/* Begin PBXBuildFile section */
		85698E84AC57FA7AABFB8361 /* Pods_OAuth_Demo.framework in Frameworks */ = {isa = PBXBuildFile; fileRef = 68B6455CA8C4F7AD9F6C00EF /* Pods_OAuth_Demo.framework */; };
		C856CBFB25E7FB06000BA280 /* AppDelegate.swift in Sources */ = {isa = PBXBuildFile; fileRef = C856CBFA25E7FB06000BA280 /* AppDelegate.swift */; };
		C856CBFD25E7FB06000BA280 /* SceneDelegate.swift in Sources */ = {isa = PBXBuildFile; fileRef = C856CBFC25E7FB06000BA280 /* SceneDelegate.swift */; };
		C856CBFF25E7FB06000BA280 /* ViewController.swift in Sources */ = {isa = PBXBuildFile; fileRef = C856CBFE25E7FB06000BA280 /* ViewController.swift */; };
		C856CC0225E7FB06000BA280 /* Main.storyboard in Resources */ = {isa = PBXBuildFile; fileRef = C856CC0025E7FB06000BA280 /* Main.storyboard */; };
		C856CC0425E7FB0B000BA280 /* Assets.xcassets in Resources */ = {isa = PBXBuildFile; fileRef = C856CC0325E7FB0B000BA280 /* Assets.xcassets */; };
		C856CC0725E7FB0B000BA280 /* LaunchScreen.storyboard in Resources */ = {isa = PBXBuildFile; fileRef = C856CC0525E7FB0B000BA280 /* LaunchScreen.storyboard */; };
/* End PBXBuildFile section */

/* Begin PBXFileReference section */
		398F0D6F4C933D365AC2FDA1 /* Pods-OAuth-Demo.release.xcconfig */ = {isa = PBXFileReference; includeInIndex = 1; lastKnownFileType = text.xcconfig; name = "Pods-OAuth-Demo.release.xcconfig"; path = "Target Support Files/Pods-OAuth-Demo/Pods-OAuth-Demo.release.xcconfig"; sourceTree = "<group>"; };
		68B6455CA8C4F7AD9F6C00EF /* Pods_OAuth_Demo.framework */ = {isa = PBXFileReference; explicitFileType = wrapper.framework; includeInIndex = 0; path = Pods_OAuth_Demo.framework; sourceTree = BUILT_PRODUCTS_DIR; };
		B02F8500F3E770CC925F3286 /* Pods-OAuth-Demo.debug.xcconfig */ = {isa = PBXFileReference; includeInIndex = 1; lastKnownFileType = text.xcconfig; name = "Pods-OAuth-Demo.debug.xcconfig"; path = "Target Support Files/Pods-OAuth-Demo/Pods-OAuth-Demo.debug.xcconfig"; sourceTree = "<group>"; };
		C856CBF725E7FB06000BA280 /* OAuth-Demo.app */ = {isa = PBXFileReference; explicitFileType = wrapper.application; includeInIndex = 0; path = "OAuth-Demo.app"; sourceTree = BUILT_PRODUCTS_DIR; };
		C856CBFA25E7FB06000BA280 /* AppDelegate.swift */ = {isa = PBXFileReference; lastKnownFileType = sourcecode.swift; path = AppDelegate.swift; sourceTree = "<group>"; };
		C856CBFC25E7FB06000BA280 /* SceneDelegate.swift */ = {isa = PBXFileReference; lastKnownFileType = sourcecode.swift; path = SceneDelegate.swift; sourceTree = "<group>"; };
		C856CBFE25E7FB06000BA280 /* ViewController.swift */ = {isa = PBXFileReference; lastKnownFileType = sourcecode.swift; path = ViewController.swift; sourceTree = "<group>"; };
		C856CC0125E7FB06000BA280 /* Base */ = {isa = PBXFileReference; lastKnownFileType = file.storyboard; name = Base; path = Base.lproj/Main.storyboard; sourceTree = "<group>"; };
		C856CC0325E7FB0B000BA280 /* Assets.xcassets */ = {isa = PBXFileReference; lastKnownFileType = folder.assetcatalog; path = Assets.xcassets; sourceTree = "<group>"; };
		C856CC0625E7FB0B000BA280 /* Base */ = {isa = PBXFileReference; lastKnownFileType = file.storyboard; name = Base; path = Base.lproj/LaunchScreen.storyboard; sourceTree = "<group>"; };
		C856CC0825E7FB0B000BA280 /* Info.plist */ = {isa = PBXFileReference; lastKnownFileType = text.plist.xml; path = Info.plist; sourceTree = "<group>"; };
/* End PBXFileReference section */

/* Begin PBXFrameworksBuildPhase section */
		C856CBF425E7FB06000BA280 /* Frameworks */ = {
			isa = PBXFrameworksBuildPhase;
			buildActionMask = 2147483647;
			files = (
				85698E84AC57FA7AABFB8361 /* Pods_OAuth_Demo.framework in Frameworks */,
			);
			runOnlyForDeploymentPostprocessing = 0;
		};
/* End PBXFrameworksBuildPhase section */

/* Begin PBXGroup section */
		2C682C22944DEA1ABF4223AD /* Frameworks */ = {
			isa = PBXGroup;
			children = (
				68B6455CA8C4F7AD9F6C00EF /* Pods_OAuth_Demo.framework */,
			);
			name = Frameworks;
			sourceTree = "<group>";
		};
		6864F62FF931E36ECAEA29AE /* Pods */ = {
			isa = PBXGroup;
			children = (
				B02F8500F3E770CC925F3286 /* Pods-OAuth-Demo.debug.xcconfig */,
				398F0D6F4C933D365AC2FDA1 /* Pods-OAuth-Demo.release.xcconfig */,
			);
			name = Pods;
			path = Pods;
			sourceTree = "<group>";
		};
		C856CBEE25E7FB06000BA280 = {
			isa = PBXGroup;
			children = (
				C856CBF925E7FB06000BA280 /* OAuth-Demo */,
				C856CBF825E7FB06000BA280 /* Products */,
				6864F62FF931E36ECAEA29AE /* Pods */,
				2C682C22944DEA1ABF4223AD /* Frameworks */,
			);
			sourceTree = "<group>";
		};
		C856CBF825E7FB06000BA280 /* Products */ = {
			isa = PBXGroup;
			children = (
				C856CBF725E7FB06000BA280 /* OAuth-Demo.app */,
			);
			name = Products;
			sourceTree = "<group>";
		};
		C856CBF925E7FB06000BA280 /* OAuth-Demo */ = {
			isa = PBXGroup;
			children = (
				C856CBFA25E7FB06000BA280 /* AppDelegate.swift */,
				C856CBFC25E7FB06000BA280 /* SceneDelegate.swift */,
				C856CBFE25E7FB06000BA280 /* ViewController.swift */,
				C856CC0025E7FB06000BA280 /* Main.storyboard */,
				C856CC0325E7FB0B000BA280 /* Assets.xcassets */,
				C856CC0525E7FB0B000BA280 /* LaunchScreen.storyboard */,
				C856CC0825E7FB0B000BA280 /* Info.plist */,
			);
			path = "OAuth-Demo";
			sourceTree = "<group>";
		};
/* End PBXGroup section */

/* Begin PBXNativeTarget section */
		C856CBF625E7FB06000BA280 /* OAuth-Demo */ = {
			isa = PBXNativeTarget;
			buildConfigurationList = C856CC0B25E7FB0B000BA280 /* Build configuration list for PBXNativeTarget "OAuth-Demo" */;
			buildPhases = (
				538C62F63DD6A83696972A57 /* [CP] Check Pods Manifest.lock */,
				C856CBF325E7FB06000BA280 /* Sources */,
				C856CBF425E7FB06000BA280 /* Frameworks */,
				C856CBF525E7FB06000BA280 /* Resources */,
				558F8172F8A75E8B807E8EA5 /* [CP] Embed Pods Frameworks */,
			);
			buildRules = (
			);
			dependencies = (
			);
			name = "OAuth-Demo";
			productName = "OAuth-Demo";
			productReference = C856CBF725E7FB06000BA280 /* OAuth-Demo.app */;
			productType = "com.apple.product-type.application";
		};
/* End PBXNativeTarget section */

/* Begin PBXProject section */
		C856CBEF25E7FB06000BA280 /* Project object */ = {
			isa = PBXProject;
			attributes = {
				LastSwiftUpdateCheck = 1230;
				LastUpgradeCheck = 1230;
				TargetAttributes = {
					C856CBF625E7FB06000BA280 = {
						CreatedOnToolsVersion = 12.3;
					};
				};
			};
			buildConfigurationList = C856CBF225E7FB06000BA280 /* Build configuration list for PBXProject "OAuth-Demo" */;
			compatibilityVersion = "Xcode 9.3";
			developmentRegion = en;
			hasScannedForEncodings = 0;
			knownRegions = (
				en,
				Base,
			);
			mainGroup = C856CBEE25E7FB06000BA280;
			productRefGroup = C856CBF825E7FB06000BA280 /* Products */;
			projectDirPath = "";
			projectRoot = "";
			targets = (
				C856CBF625E7FB06000BA280 /* OAuth-Demo */,
			);
		};
/* End PBXProject section */

/* Begin PBXResourcesBuildPhase section */
		C856CBF525E7FB06000BA280 /* Resources */ = {
			isa = PBXResourcesBuildPhase;
			buildActionMask = 2147483647;
			files = (
				C856CC0725E7FB0B000BA280 /* LaunchScreen.storyboard in Resources */,
				C856CC0425E7FB0B000BA280 /* Assets.xcassets in Resources */,
				C856CC0225E7FB06000BA280 /* Main.storyboard in Resources */,
			);
			runOnlyForDeploymentPostprocessing = 0;
		};
/* End PBXResourcesBuildPhase section */

/* Begin PBXShellScriptBuildPhase section */
		538C62F63DD6A83696972A57 /* [CP] Check Pods Manifest.lock */ = {
			isa = PBXShellScriptBuildPhase;
			buildActionMask = 2147483647;
			files = (
			);
			inputFileListPaths = (
			);
			inputPaths = (
				"${PODS_PODFILE_DIR_PATH}/Podfile.lock",
				"${PODS_ROOT}/Manifest.lock",
			);
			name = "[CP] Check Pods Manifest.lock";
			outputFileListPaths = (
			);
			outputPaths = (
				"$(DERIVED_FILE_DIR)/Pods-OAuth-Demo-checkManifestLockResult.txt",
			);
			runOnlyForDeploymentPostprocessing = 0;
			shellPath = /bin/sh;
			shellScript = "diff \"${PODS_PODFILE_DIR_PATH}/Podfile.lock\" \"${PODS_ROOT}/Manifest.lock\" > /dev/null\nif [ $? != 0 ] ; then\n    # print error to STDERR\n    echo \"error: The sandbox is not in sync with the Podfile.lock. Run 'pod install' or update your CocoaPods installation.\" >&2\n    exit 1\nfi\n# This output is used by Xcode 'outputs' to avoid re-running this script phase.\necho \"SUCCESS\" > \"${SCRIPT_OUTPUT_FILE_0}\"\n";
			showEnvVarsInLog = 0;
		};
		558F8172F8A75E8B807E8EA5 /* [CP] Embed Pods Frameworks */ = {
			isa = PBXShellScriptBuildPhase;
			buildActionMask = 2147483647;
			files = (
			);
			inputFileListPaths = (
				"${PODS_ROOT}/Target Support Files/Pods-OAuth-Demo/Pods-OAuth-Demo-frameworks-${CONFIGURATION}-input-files.xcfilelist",
			);
			name = "[CP] Embed Pods Frameworks";
			outputFileListPaths = (
				"${PODS_ROOT}/Target Support Files/Pods-OAuth-Demo/Pods-OAuth-Demo-frameworks-${CONFIGURATION}-output-files.xcfilelist",
			);
			runOnlyForDeploymentPostprocessing = 0;
			shellPath = /bin/sh;
			shellScript = "\"${PODS_ROOT}/Target Support Files/Pods-OAuth-Demo/Pods-OAuth-Demo-frameworks.sh\"\n";
			showEnvVarsInLog = 0;
		};
/* End PBXShellScriptBuildPhase section */

/* Begin PBXSourcesBuildPhase section */
		C856CBF325E7FB06000BA280 /* Sources */ = {
			isa = PBXSourcesBuildPhase;
			buildActionMask = 2147483647;
			files = (
				C856CBFF25E7FB06000BA280 /* ViewController.swift in Sources */,
				C856CBFB25E7FB06000BA280 /* AppDelegate.swift in Sources */,
				C856CBFD25E7FB06000BA280 /* SceneDelegate.swift in Sources */,
			);
			runOnlyForDeploymentPostprocessing = 0;
		};
/* End PBXSourcesBuildPhase section */

/* Begin PBXVariantGroup section */
		C856CC0025E7FB06000BA280 /* Main.storyboard */ = {
			isa = PBXVariantGroup;
			children = (
				C856CC0125E7FB06000BA280 /* Base */,
			);
			name = Main.storyboard;
			sourceTree = "<group>";
		};
		C856CC0525E7FB0B000BA280 /* LaunchScreen.storyboard */ = {
			isa = PBXVariantGroup;
			children = (
				C856CC0625E7FB0B000BA280 /* Base */,
			);
			name = LaunchScreen.storyboard;
			sourceTree = "<group>";
		};
/* End PBXVariantGroup section */

/* Begin XCBuildConfiguration section */
		C856CC0925E7FB0B000BA280 /* Debug */ = {
			isa = XCBuildConfiguration;
			buildSettings = {
				ALWAYS_SEARCH_USER_PATHS = NO;
				CLANG_ANALYZER_NONNULL = YES;
				CLANG_ANALYZER_NUMBER_OBJECT_CONVERSION = YES_AGGRESSIVE;
				CLANG_CXX_LANGUAGE_STANDARD = "gnu++14";
				CLANG_CXX_LIBRARY = "libc++";
				CLANG_ENABLE_MODULES = YES;
				CLANG_ENABLE_OBJC_ARC = YES;
				CLANG_ENABLE_OBJC_WEAK = YES;
				CLANG_WARN_BLOCK_CAPTURE_AUTORELEASING = YES;
				CLANG_WARN_BOOL_CONVERSION = YES;
				CLANG_WARN_COMMA = YES;
				CLANG_WARN_CONSTANT_CONVERSION = YES;
				CLANG_WARN_DEPRECATED_OBJC_IMPLEMENTATIONS = YES;
				CLANG_WARN_DIRECT_OBJC_ISA_USAGE = YES_ERROR;
				CLANG_WARN_DOCUMENTATION_COMMENTS = YES;
				CLANG_WARN_EMPTY_BODY = YES;
				CLANG_WARN_ENUM_CONVERSION = YES;
				CLANG_WARN_INFINITE_RECURSION = YES;
				CLANG_WARN_INT_CONVERSION = YES;
				CLANG_WARN_NON_LITERAL_NULL_CONVERSION = YES;
				CLANG_WARN_OBJC_IMPLICIT_RETAIN_SELF = YES;
				CLANG_WARN_OBJC_LITERAL_CONVERSION = YES;
				CLANG_WARN_OBJC_ROOT_CLASS = YES_ERROR;
				CLANG_WARN_QUOTED_INCLUDE_IN_FRAMEWORK_HEADER = YES;
				CLANG_WARN_RANGE_LOOP_ANALYSIS = YES;
				CLANG_WARN_STRICT_PROTOTYPES = YES;
				CLANG_WARN_SUSPICIOUS_MOVE = YES;
				CLANG_WARN_UNGUARDED_AVAILABILITY = YES_AGGRESSIVE;
				CLANG_WARN_UNREACHABLE_CODE = YES;
				CLANG_WARN__DUPLICATE_METHOD_MATCH = YES;
				COPY_PHASE_STRIP = NO;
				DEBUG_INFORMATION_FORMAT = dwarf;
				ENABLE_STRICT_OBJC_MSGSEND = YES;
				ENABLE_TESTABILITY = YES;
				GCC_C_LANGUAGE_STANDARD = gnu11;
				GCC_DYNAMIC_NO_PIC = NO;
				GCC_NO_COMMON_BLOCKS = YES;
				GCC_OPTIMIZATION_LEVEL = 0;
				GCC_PREPROCESSOR_DEFINITIONS = (
					"DEBUG=1",
					"$(inherited)",
				);
				GCC_WARN_64_TO_32_BIT_CONVERSION = YES;
				GCC_WARN_ABOUT_RETURN_TYPE = YES_ERROR;
				GCC_WARN_UNDECLARED_SELECTOR = YES;
				GCC_WARN_UNINITIALIZED_AUTOS = YES_AGGRESSIVE;
				GCC_WARN_UNUSED_FUNCTION = YES;
				GCC_WARN_UNUSED_VARIABLE = YES;
				IPHONEOS_DEPLOYMENT_TARGET = 14.3;
				MTL_ENABLE_DEBUG_INFO = INCLUDE_SOURCE;
				MTL_FAST_MATH = YES;
				ONLY_ACTIVE_ARCH = YES;
				SDKROOT = iphoneos;
				SWIFT_ACTIVE_COMPILATION_CONDITIONS = DEBUG;
				SWIFT_OPTIMIZATION_LEVEL = "-Onone";
			};
			name = Debug;
		};
		C856CC0A25E7FB0B000BA280 /* Release */ = {
			isa = XCBuildConfiguration;
			buildSettings = {
				ALWAYS_SEARCH_USER_PATHS = NO;
				CLANG_ANALYZER_NONNULL = YES;
				CLANG_ANALYZER_NUMBER_OBJECT_CONVERSION = YES_AGGRESSIVE;
				CLANG_CXX_LANGUAGE_STANDARD = "gnu++14";
				CLANG_CXX_LIBRARY = "libc++";
				CLANG_ENABLE_MODULES = YES;
				CLANG_ENABLE_OBJC_ARC = YES;
				CLANG_ENABLE_OBJC_WEAK = YES;
				CLANG_WARN_BLOCK_CAPTURE_AUTORELEASING = YES;
				CLANG_WARN_BOOL_CONVERSION = YES;
				CLANG_WARN_COMMA = YES;
				CLANG_WARN_CONSTANT_CONVERSION = YES;
				CLANG_WARN_DEPRECATED_OBJC_IMPLEMENTATIONS = YES;
				CLANG_WARN_DIRECT_OBJC_ISA_USAGE = YES_ERROR;
				CLANG_WARN_DOCUMENTATION_COMMENTS = YES;
				CLANG_WARN_EMPTY_BODY = YES;
				CLANG_WARN_ENUM_CONVERSION = YES;
				CLANG_WARN_INFINITE_RECURSION = YES;
				CLANG_WARN_INT_CONVERSION = YES;
				CLANG_WARN_NON_LITERAL_NULL_CONVERSION = YES;
				CLANG_WARN_OBJC_IMPLICIT_RETAIN_SELF = YES;
				CLANG_WARN_OBJC_LITERAL_CONVERSION = YES;
				CLANG_WARN_OBJC_ROOT_CLASS = YES_ERROR;
				CLANG_WARN_QUOTED_INCLUDE_IN_FRAMEWORK_HEADER = YES;
				CLANG_WARN_RANGE_LOOP_ANALYSIS = YES;
				CLANG_WARN_STRICT_PROTOTYPES = YES;
				CLANG_WARN_SUSPICIOUS_MOVE = YES;
				CLANG_WARN_UNGUARDED_AVAILABILITY = YES_AGGRESSIVE;
				CLANG_WARN_UNREACHABLE_CODE = YES;
				CLANG_WARN__DUPLICATE_METHOD_MATCH = YES;
				COPY_PHASE_STRIP = NO;
				DEBUG_INFORMATION_FORMAT = "dwarf-with-dsym";
				ENABLE_NS_ASSERTIONS = NO;
				ENABLE_STRICT_OBJC_MSGSEND = YES;
				GCC_C_LANGUAGE_STANDARD = gnu11;
				GCC_NO_COMMON_BLOCKS = YES;
				GCC_WARN_64_TO_32_BIT_CONVERSION = YES;
				GCC_WARN_ABOUT_RETURN_TYPE = YES_ERROR;
				GCC_WARN_UNDECLARED_SELECTOR = YES;
				GCC_WARN_UNINITIALIZED_AUTOS = YES_AGGRESSIVE;
				GCC_WARN_UNUSED_FUNCTION = YES;
				GCC_WARN_UNUSED_VARIABLE = YES;
				IPHONEOS_DEPLOYMENT_TARGET = 14.3;
				MTL_ENABLE_DEBUG_INFO = NO;
				MTL_FAST_MATH = YES;
				SDKROOT = iphoneos;
				SWIFT_COMPILATION_MODE = wholemodule;
				SWIFT_OPTIMIZATION_LEVEL = "-O";
				VALIDATE_PRODUCT = YES;
			};
			name = Release;
		};
		C856CC0C25E7FB0B000BA280 /* Debug */ = {
			isa = XCBuildConfiguration;
			baseConfigurationReference = B02F8500F3E770CC925F3286 /* Pods-OAuth-Demo.debug.xcconfig */;
			buildSettings = {
				ASSETCATALOG_COMPILER_APPICON_NAME = AppIcon;
				ASSETCATALOG_COMPILER_GLOBAL_ACCENT_COLOR_NAME = AccentColor;
				CODE_SIGN_STYLE = Automatic;
				INFOPLIST_FILE = "OAuth-Demo/Info.plist";
				LD_RUNPATH_SEARCH_PATHS = (
					"$(inherited)",
					"@executable_path/Frameworks",
				);
				PRODUCT_BUNDLE_IDENTIFIER = "bo-kyung-kim.OAuth-Demo";
				PRODUCT_NAME = "$(TARGET_NAME)";
				SWIFT_VERSION = 5.0;
				TARGETED_DEVICE_FAMILY = "1,2";
			};
			name = Debug;
		};
		C856CC0D25E7FB0B000BA280 /* Release */ = {
			isa = XCBuildConfiguration;
			baseConfigurationReference = 398F0D6F4C933D365AC2FDA1 /* Pods-OAuth-Demo.release.xcconfig */;
			buildSettings = {
				ASSETCATALOG_COMPILER_APPICON_NAME = AppIcon;
				ASSETCATALOG_COMPILER_GLOBAL_ACCENT_COLOR_NAME = AccentColor;
				CODE_SIGN_STYLE = Automatic;
				INFOPLIST_FILE = "OAuth-Demo/Info.plist";
				LD_RUNPATH_SEARCH_PATHS = (
					"$(inherited)",
					"@executable_path/Frameworks",
				);
				PRODUCT_BUNDLE_IDENTIFIER = "bo-kyung-kim.OAuth-Demo";
				PRODUCT_NAME = "$(TARGET_NAME)";
				SWIFT_VERSION = 5.0;
				TARGETED_DEVICE_FAMILY = "1,2";
			};
			name = Release;
		};
/* End XCBuildConfiguration section */

/* Begin XCConfigurationList section */
		C856CBF225E7FB06000BA280 /* Build configuration list for PBXProject "OAuth-Demo" */ = {
			isa = XCConfigurationList;
			buildConfigurations = (
				C856CC0925E7FB0B000BA280 /* Debug */,
				C856CC0A25E7FB0B000BA280 /* Release */,
			);
			defaultConfigurationIsVisible = 0;
			defaultConfigurationName = Release;
		};
		C856CC0B25E7FB0B000BA280 /* Build configuration list for PBXNativeTarget "OAuth-Demo" */ = {
			isa = XCConfigurationList;
			buildConfigurations = (
				C856CC0C25E7FB0B000BA280 /* Debug */,
				C856CC0D25E7FB0B000BA280 /* Release */,
			);
			defaultConfigurationIsVisible = 0;
			defaultConfigurationName = Release;
		};
/* End XCConfigurationList section */
	};
	rootObject = C856CBEF25E7FB06000BA280 /* Project object */;
}
